// !$*UTF8*$!
{
	archiveVersion = 1;
	classes = {
	};
	objectVersion = 50;
	objects = {

/* Begin PBXBuildFile section */
		5526857022E25FEB001E86C5 /* VirtualProcessor_syscalls.c in Sources */ = {isa = PBXBuildFile; fileRef = 5526856F22E25FEB001E86C5 /* VirtualProcessor_syscalls.c */; };
		5526857222E26FA7001E86C5 /* VirtualProcessorTests_asm.s in Sources */ = {isa = PBXBuildFile; fileRef = 5526857122E26FA7001E86C5 /* VirtualProcessorTests_asm.s */; };
		5526857422E430DE001E86C5 /* VirtualProcessor_asm.s in Sources */ = {isa = PBXBuildFile; fileRef = 5526857322E430DE001E86C5 /* VirtualProcessor_asm.s */; };
		55305B1E229A464A00E9F19F /* InputDriver.c in Sources */ = {isa = PBXBuildFile; fileRef = 55305B1D229A464A00E9F19F /* InputDriver.c */; };
		55305B20229B49AE00E9F19F /* InputDriver_asm.s in Sources */ = {isa = PBXBuildFile; fileRef = 55305B1F229B49AE00E9F19F /* InputDriver_asm.s */; };
		55305B2322A0F4BC00E9F19F /* RingBuffer.c in Sources */ = {isa = PBXBuildFile; fileRef = 55305B2222A0F4BC00E9F19F /* RingBuffer.c */; };
		55305B2B22A235BD00E9F19F /* EventDriver.c in Sources */ = {isa = PBXBuildFile; fileRef = 55305B2A22A235BD00E9F19F /* EventDriver.c */; };
		5591AADD22D52E0E008F207D /* Pipe.c in Sources */ = {isa = PBXBuildFile; fileRef = 5591AADC22D52E0E008F207D /* Pipe.c */; };
		55C5A2D9224C8AA800C6BD3F /* Lock.c in Sources */ = {isa = PBXBuildFile; fileRef = 55C5A2D8224C8AA800C6BD3F /* Lock.c */; };
		55C5A2DF22571CFC00C6BD3F /* sysscalls_asm.s in Sources */ = {isa = PBXBuildFile; fileRef = 55C5A2DE22571CFC00C6BD3F /* sysscalls_asm.s */; };
		55C5A2E122571EC800C6BD3F /* syscalls.i in Sources */ = {isa = PBXBuildFile; fileRef = 55C5A2E022571EC800C6BD3F /* syscalls.i */; };
		55C5A2E4225AC70400C6BD3F /* ConditionVariable.c in Sources */ = {isa = PBXBuildFile; fileRef = 55C5A2E3225AC70400C6BD3F /* ConditionVariable.c */; };
		55C5A2E72263F9BE00C6BD3F /* VirtualProcessorPool.c in Sources */ = {isa = PBXBuildFile; fileRef = 55C5A2E62263F9BE00C6BD3F /* VirtualProcessorPool.c */; };
		55C5A2E92264579300C6BD3F /* VirtualProcessorTests.c in Sources */ = {isa = PBXBuildFile; fileRef = 55C5A2E82264579300C6BD3F /* VirtualProcessorTests.c */; };
		55C5A2EC226D213300C6BD3F /* DispatchQueue.c in Sources */ = {isa = PBXBuildFile; fileRef = 55C5A2EB226D213300C6BD3F /* DispatchQueue.c */; };
		55C5A2EF226D223B00C6BD3F /* Array.c in Sources */ = {isa = PBXBuildFile; fileRef = 55C5A2EE226D223B00C6BD3F /* Array.c */; };
		55C87B32227D3E360074168F /* DispatchQueueTests.c in Sources */ = {isa = PBXBuildFile; fileRef = 55C87B31227D3E360074168F /* DispatchQueueTests.c */; };
		55C87B35227F8BD20074168F /* InterruptController.c in Sources */ = {isa = PBXBuildFile; fileRef = 55C87B34227F8BD20074168F /* InterruptController.c */; };
		55CF17FB22082C15009B9A2D /* chipset_asm.s in Sources */ = {isa = PBXBuildFile; fileRef = 55CF17E3220828DA009B9A2D /* chipset_asm.s */; };
		55CF17FC22082C17009B9A2D /* chipset.i in Sources */ = {isa = PBXBuildFile; fileRef = 55CF17E4220828E1009B9A2D /* chipset.i */; };
		55CF17FD22082C1A009B9A2D /* Int32_asm.s in Sources */ = {isa = PBXBuildFile; fileRef = 55CF17E8220828F4009B9A2D /* Int32_asm.s */; };
		55CF17FE22082C1B009B9A2D /* Int64_asm.s in Sources */ = {isa = PBXBuildFile; fileRef = 55CF17E7220828F4009B9A2D /* Int64_asm.s */; };
		55CF17FF22082C1E009B9A2D /* Int64.c in Sources */ = {isa = PBXBuildFile; fileRef = 55CF17E9220828F4009B9A2D /* Int64.c */; };
		55CF180022082C20009B9A2D /* lowmem.i in Sources */ = {isa = PBXBuildFile; fileRef = 55CF17EA220828FA009B9A2D /* lowmem.i */; };
		55CF180222082C24009B9A2D /* traps.s in Sources */ = {isa = PBXBuildFile; fileRef = 55CF17EE22082916009B9A2D /* traps.s */; };
		55CF18052208F872009B9A2D /* SystemDescription.c in Sources */ = {isa = PBXBuildFile; fileRef = 55CF18042208F872009B9A2D /* SystemDescription.c */; };
		55CF180722090452009B9A2D /* reset.c in Sources */ = {isa = PBXBuildFile; fileRef = 55CF180622090452009B9A2D /* reset.c */; };
		55CF1809220910FF009B9A2D /* cpu_asm.s in Sources */ = {isa = PBXBuildFile; fileRef = 55CF1808220910FF009B9A2D /* cpu_asm.s */; };
		55CF180C2209190F009B9A2D /* lowmem.s in Sources */ = {isa = PBXBuildFile; fileRef = 55CF180B2209190F009B9A2D /* lowmem.s */; };
		55CF180E22091CC3009B9A2D /* startup.c in Sources */ = {isa = PBXBuildFile; fileRef = 55CF180D22091CC3009B9A2D /* startup.c */; };
		55CF181122092D87009B9A2D /* Heap.c in Sources */ = {isa = PBXBuildFile; fileRef = 55CF181022092D87009B9A2D /* Heap.c */; };
		55CF1821220C2481009B9A2D /* Surface.c in Sources */ = {isa = PBXBuildFile; fileRef = 55CF1820220C2481009B9A2D /* Surface.c */; };
		55CF1826220D681F009B9A2D /* GraphicsDriver.c in Sources */ = {isa = PBXBuildFile; fileRef = 55CF1825220D681F009B9A2D /* GraphicsDriver.c */; };
		55CF1829220E8457009B9A2D /* GraphicsDriver_asm.s in Sources */ = {isa = PBXBuildFile; fileRef = 55CF1828220E8457009B9A2D /* GraphicsDriver_asm.s */; };
		55CF182C220FD0F2009B9A2D /* Console.c in Sources */ = {isa = PBXBuildFile; fileRef = 55CF182B220FD0F2009B9A2D /* Console.c */; };
		55CF182E220FD38C009B9A2D /* iso_font8x8.c in Sources */ = {isa = PBXBuildFile; fileRef = 55CF182D220FD38C009B9A2D /* iso_font8x8.c */; };
		55CF1830220FD4DE009B9A2D /* Foundation.c in Sources */ = {isa = PBXBuildFile; fileRef = 55CF182F220FD4DE009B9A2D /* Foundation.c */; };
		55CF18322210F444009B9A2D /* chipset.c in Sources */ = {isa = PBXBuildFile; fileRef = 55CF18312210F444009B9A2D /* chipset.c */; };
		55CF18342210F4DC009B9A2D /* cpu.c in Sources */ = {isa = PBXBuildFile; fileRef = 55CF18332210F4DC009B9A2D /* cpu.c */; };
		55CF18372210FBE5009B9A2D /* zorro2.c in Sources */ = {isa = PBXBuildFile; fileRef = 55CF18362210FBE5009B9A2D /* zorro2.c */; };
		55CF18392210FEF6009B9A2D /* zorro3.c in Sources */ = {isa = PBXBuildFile; fileRef = 55CF18382210FEF6009B9A2D /* zorro3.c */; };
		55CF183C22114D7D009B9A2D /* Semaphore.c in Sources */ = {isa = PBXBuildFile; fileRef = 55CF183B22114D7D009B9A2D /* Semaphore.c */; };
		55CF183E22114EA2009B9A2D /* Semaphore_asm.s in Sources */ = {isa = PBXBuildFile; fileRef = 55CF183D22114EA2009B9A2D /* Semaphore_asm.s */; };
		55CF1841221296A0009B9A2D /* MonotonicClock.c in Sources */ = {isa = PBXBuildFile; fileRef = 55CF1840221296A0009B9A2D /* MonotonicClock.c */; };
		55CF1843221298A8009B9A2D /* MonotonicClock_asm.s in Sources */ = {isa = PBXBuildFile; fileRef = 55CF1842221298A8009B9A2D /* MonotonicClock_asm.s */; };
		55CF18462212A27E009B9A2D /* RealtimeClock.c in Sources */ = {isa = PBXBuildFile; fileRef = 55CF18452212A27E009B9A2D /* RealtimeClock.c */; };
		55CF184A2213E232009B9A2D /* FloppyDisk_asm.s in Sources */ = {isa = PBXBuildFile; fileRef = 55CF18492213E232009B9A2D /* FloppyDisk_asm.s */; };
		55CF184D2213E34A009B9A2D /* FloppyDisk.c in Sources */ = {isa = PBXBuildFile; fileRef = 55CF184C2213E34A009B9A2D /* FloppyDisk.c */; };
		55CF1852221A61BD009B9A2D /* List.c in Sources */ = {isa = PBXBuildFile; fileRef = 55CF1851221A61BD009B9A2D /* List.c */; };
		55CF1855221FBCE7009B9A2D /* VirtualProcessor.c in Sources */ = {isa = PBXBuildFile; fileRef = 55CF1854221FBCE7009B9A2D /* VirtualProcessor.c */; };
		55CF185822223DC0009B9A2D /* VirtualProcessorScheduler.c in Sources */ = {isa = PBXBuildFile; fileRef = 55CF185722223DC0009B9A2D /* VirtualProcessorScheduler.c */; };
		55CF185A222244CB009B9A2D /* VirtualProcessorScheduler_asm.s in Sources */ = {isa = PBXBuildFile; fileRef = 55CF1859222244CB009B9A2D /* VirtualProcessorScheduler_asm.s */; };
		55CF185D222FA50B009B9A2D /* Geometry.c in Sources */ = {isa = PBXBuildFile; fileRef = 55CF185C222FA50B009B9A2D /* Geometry.c */; };
		55CF186322362B74009B9A2D /* Bits.c in Sources */ = {isa = PBXBuildFile; fileRef = 55CF186222362B74009B9A2D /* Bits.c */; };
		55CF1869223B6F1C009B9A2D /* Bytes.c in Sources */ = {isa = PBXBuildFile; fileRef = 55CF1868223B6F1C009B9A2D /* Bytes.c */; };
		55CF186C223CAC58009B9A2D /* Atomic_asm.s in Sources */ = {isa = PBXBuildFile; fileRef = 55CF186B223CAC58009B9A2D /* Atomic_asm.s */; };
/* End PBXBuildFile section */

/* Begin PBXCopyFilesBuildPhase section */
		55CF17F122082BFA009B9A2D /* CopyFiles */ = {
			isa = PBXCopyFilesBuildPhase;
			buildActionMask = 2147483647;
			dstPath = /usr/share/man/man1/;
			dstSubfolderSpec = 0;
			files = (
			);
			runOnlyForDeploymentPostprocessing = 1;
		};
/* End PBXCopyFilesBuildPhase section */

/* Begin PBXFileReference section */
		5526856F22E25FEB001E86C5 /* VirtualProcessor_syscalls.c */ = {isa = PBXFileReference; lastKnownFileType = sourcecode.c.c; path = VirtualProcessor_syscalls.c; sourceTree = "<group>"; };
		5526857122E26FA7001E86C5 /* VirtualProcessorTests_asm.s */ = {isa = PBXFileReference; lastKnownFileType = sourcecode.asm; path = VirtualProcessorTests_asm.s; sourceTree = "<group>"; xcLanguageSpecificationIdentifier = xcode.lang.asm.arm; };
		5526857322E430DE001E86C5 /* VirtualProcessor_asm.s */ = {isa = PBXFileReference; lastKnownFileType = sourcecode.asm; path = VirtualProcessor_asm.s; sourceTree = "<group>"; xcLanguageSpecificationIdentifier = xcode.lang.asm.arm; };
		55305B1C229A464A00E9F19F /* InputDriver.h */ = {isa = PBXFileReference; lastKnownFileType = sourcecode.c.h; path = InputDriver.h; sourceTree = "<group>"; };
		55305B1D229A464A00E9F19F /* InputDriver.c */ = {isa = PBXFileReference; lastKnownFileType = sourcecode.c.c; path = InputDriver.c; sourceTree = "<group>"; };
		55305B1F229B49AE00E9F19F /* InputDriver_asm.s */ = {isa = PBXFileReference; lastKnownFileType = sourcecode.asm; path = InputDriver_asm.s; sourceTree = "<group>"; xcLanguageSpecificationIdentifier = xcode.lang.asm.arm; };
		55305B2122A0F3DE00E9F19F /* RingBuffer.h */ = {isa = PBXFileReference; lastKnownFileType = sourcecode.c.h; path = RingBuffer.h; sourceTree = "<group>"; };
		55305B2222A0F4BC00E9F19F /* RingBuffer.c */ = {isa = PBXFileReference; lastKnownFileType = sourcecode.c.c; path = RingBuffer.c; sourceTree = "<group>"; };
		55305B2922A235BD00E9F19F /* EventDriver.h */ = {isa = PBXFileReference; lastKnownFileType = sourcecode.c.h; path = EventDriver.h; sourceTree = "<group>"; };
		55305B2A22A235BD00E9F19F /* EventDriver.c */ = {isa = PBXFileReference; lastKnownFileType = sourcecode.c.c; path = EventDriver.c; sourceTree = "<group>"; };
		55305B2C22A3C38000E9F19F /* USBHIDKeys.h */ = {isa = PBXFileReference; lastKnownFileType = sourcecode.c.h; path = USBHIDKeys.h; sourceTree = "<group>"; };
		5591AADB22D52E0E008F207D /* Pipe.h */ = {isa = PBXFileReference; lastKnownFileType = sourcecode.c.h; path = Pipe.h; sourceTree = "<group>"; };
		5591AADC22D52E0E008F207D /* Pipe.c */ = {isa = PBXFileReference; lastKnownFileType = sourcecode.c.c; path = Pipe.c; sourceTree = "<group>"; };
		55C5A2D7224C8AA800C6BD3F /* Lock.h */ = {isa = PBXFileReference; lastKnownFileType = sourcecode.c.h; path = Lock.h; sourceTree = "<group>"; };
		55C5A2D8224C8AA800C6BD3F /* Lock.c */ = {isa = PBXFileReference; lastKnownFileType = sourcecode.c.c; path = Lock.c; sourceTree = "<group>"; };
		55C5A2DE22571CFC00C6BD3F /* sysscalls_asm.s */ = {isa = PBXFileReference; lastKnownFileType = sourcecode.asm; path = sysscalls_asm.s; sourceTree = "<group>"; xcLanguageSpecificationIdentifier = xcode.lang.asm.arm; };
		55C5A2E022571EC800C6BD3F /* syscalls.i */ = {isa = PBXFileReference; lastKnownFileType = sourcecode.c.c.preprocessed; path = syscalls.i; sourceTree = "<group>"; xcLanguageSpecificationIdentifier = xcode.lang.asm.arm; };
		55C5A2E2225AC70400C6BD3F /* ConditionVariable.h */ = {isa = PBXFileReference; lastKnownFileType = sourcecode.c.h; path = ConditionVariable.h; sourceTree = "<group>"; };
		55C5A2E3225AC70400C6BD3F /* ConditionVariable.c */ = {isa = PBXFileReference; lastKnownFileType = sourcecode.c.c; path = ConditionVariable.c; sourceTree = "<group>"; };
		55C5A2E52263F9BE00C6BD3F /* VirtualProcessorPool.h */ = {isa = PBXFileReference; lastKnownFileType = sourcecode.c.h; path = VirtualProcessorPool.h; sourceTree = "<group>"; };
		55C5A2E62263F9BE00C6BD3F /* VirtualProcessorPool.c */ = {isa = PBXFileReference; lastKnownFileType = sourcecode.c.c; path = VirtualProcessorPool.c; sourceTree = "<group>"; };
		55C5A2E82264579300C6BD3F /* VirtualProcessorTests.c */ = {isa = PBXFileReference; lastKnownFileType = sourcecode.c.c; path = VirtualProcessorTests.c; sourceTree = "<group>"; };
		55C5A2EA226D213300C6BD3F /* DispatchQueue.h */ = {isa = PBXFileReference; lastKnownFileType = sourcecode.c.h; path = DispatchQueue.h; sourceTree = "<group>"; };
		55C5A2EB226D213300C6BD3F /* DispatchQueue.c */ = {isa = PBXFileReference; lastKnownFileType = sourcecode.c.c; path = DispatchQueue.c; sourceTree = "<group>"; };
		55C5A2ED226D223B00C6BD3F /* Array.h */ = {isa = PBXFileReference; lastKnownFileType = sourcecode.c.h; path = Array.h; sourceTree = "<group>"; };
		55C5A2EE226D223B00C6BD3F /* Array.c */ = {isa = PBXFileReference; lastKnownFileType = sourcecode.c.c; path = Array.c; sourceTree = "<group>"; };
		55C87B31227D3E360074168F /* DispatchQueueTests.c */ = {isa = PBXFileReference; lastKnownFileType = sourcecode.c.c; path = DispatchQueueTests.c; sourceTree = "<group>"; };
		55C87B33227F8BD20074168F /* InterruptController.h */ = {isa = PBXFileReference; lastKnownFileType = sourcecode.c.h; path = InterruptController.h; sourceTree = "<group>"; };
		55C87B34227F8BD20074168F /* InterruptController.c */ = {isa = PBXFileReference; lastKnownFileType = sourcecode.c.c; path = InterruptController.c; sourceTree = "<group>"; };
		55CF17E3220828DA009B9A2D /* chipset_asm.s */ = {isa = PBXFileReference; fileEncoding = 4; lastKnownFileType = sourcecode.asm; path = chipset_asm.s; sourceTree = "<group>"; xcLanguageSpecificationIdentifier = xcode.lang.asm.arm; };
		55CF17E4220828E1009B9A2D /* chipset.i */ = {isa = PBXFileReference; lastKnownFileType = sourcecode.c.c.preprocessed; path = chipset.i; sourceTree = "<group>"; xcLanguageSpecificationIdentifier = xcode.lang.asm.arm; };
		55CF17E5220828E6009B9A2D /* finalizerom.py */ = {isa = PBXFileReference; lastKnownFileType = text.script.python; path = finalizerom.py; sourceTree = "<group>"; };
		55CF17E6220828EB009B9A2D /* Foundation.h */ = {isa = PBXFileReference; lastKnownFileType = sourcecode.c.h; path = Foundation.h; sourceTree = "<group>"; };
		55CF17E7220828F4009B9A2D /* Int64_asm.s */ = {isa = PBXFileReference; fileEncoding = 4; lastKnownFileType = sourcecode.asm; path = Int64_asm.s; sourceTree = "<group>"; xcLanguageSpecificationIdentifier = xcode.lang.asm.arm; };
		55CF17E8220828F4009B9A2D /* Int32_asm.s */ = {isa = PBXFileReference; fileEncoding = 4; lastKnownFileType = sourcecode.asm; path = Int32_asm.s; sourceTree = "<group>"; xcLanguageSpecificationIdentifier = xcode.lang.asm.arm; };
		55CF17E9220828F4009B9A2D /* Int64.c */ = {isa = PBXFileReference; fileEncoding = 4; lastKnownFileType = sourcecode.c.c; path = Int64.c; sourceTree = "<group>"; };
		55CF17EA220828FA009B9A2D /* lowmem.i */ = {isa = PBXFileReference; lastKnownFileType = sourcecode.c.c.preprocessed; path = lowmem.i; sourceTree = "<group>"; xcLanguageSpecificationIdentifier = xcode.lang.asm.arm; };
		55CF17EB220828FE009B9A2D /* Makefile */ = {isa = PBXFileReference; lastKnownFileType = sourcecode.make; path = Makefile; sourceTree = "<group>"; usesTabs = 1; };
		55CF17ED22082911009B9A2D /* run.sh */ = {isa = PBXFileReference; lastKnownFileType = text.script.sh; path = run.sh; sourceTree = "<group>"; };
		55CF17EE22082916009B9A2D /* traps.s */ = {isa = PBXFileReference; fileEncoding = 4; lastKnownFileType = sourcecode.asm; path = traps.s; sourceTree = "<group>"; xcLanguageSpecificationIdentifier = xcode.lang.asm.arm; };
		55CF17F322082BFA009B9A2D /* Xcode */ = {isa = PBXFileReference; explicitFileType = "compiled.mach-o.executable"; includeInIndex = 0; path = Xcode; sourceTree = BUILT_PRODUCTS_DIR; };
		55CF18032208F872009B9A2D /* SystemDescription.h */ = {isa = PBXFileReference; lastKnownFileType = sourcecode.c.h; path = SystemDescription.h; sourceTree = "<group>"; };
		55CF18042208F872009B9A2D /* SystemDescription.c */ = {isa = PBXFileReference; lastKnownFileType = sourcecode.c.c; path = SystemDescription.c; sourceTree = "<group>"; };
		55CF180622090452009B9A2D /* reset.c */ = {isa = PBXFileReference; lastKnownFileType = sourcecode.c.c; path = reset.c; sourceTree = "<group>"; };
		55CF1808220910FF009B9A2D /* cpu_asm.s */ = {isa = PBXFileReference; lastKnownFileType = sourcecode.asm; path = cpu_asm.s; sourceTree = "<group>"; xcLanguageSpecificationIdentifier = xcode.lang.asm.arm; };
		55CF180A22091488009B9A2D /* Platform.h */ = {isa = PBXFileReference; lastKnownFileType = sourcecode.c.h; path = Platform.h; sourceTree = "<group>"; };
		55CF180B2209190F009B9A2D /* lowmem.s */ = {isa = PBXFileReference; lastKnownFileType = sourcecode.asm; path = lowmem.s; sourceTree = "<group>"; xcLanguageSpecificationIdentifier = xcode.lang.asm.arm; };
		55CF180D22091CC3009B9A2D /* startup.c */ = {isa = PBXFileReference; lastKnownFileType = sourcecode.c.c; path = startup.c; sourceTree = "<group>"; };
		55CF180F22092D87009B9A2D /* Heap.h */ = {isa = PBXFileReference; lastKnownFileType = sourcecode.c.h; path = Heap.h; sourceTree = "<group>"; };
		55CF181022092D87009B9A2D /* Heap.c */ = {isa = PBXFileReference; lastKnownFileType = sourcecode.c.c; path = Heap.c; sourceTree = "<group>"; };
		55CF181F220C2481009B9A2D /* Surface.h */ = {isa = PBXFileReference; lastKnownFileType = sourcecode.c.h; path = Surface.h; sourceTree = "<group>"; };
		55CF1820220C2481009B9A2D /* Surface.c */ = {isa = PBXFileReference; lastKnownFileType = sourcecode.c.c; path = Surface.c; sourceTree = "<group>"; };
		55CF1824220D681F009B9A2D /* GraphicsDriver.h */ = {isa = PBXFileReference; lastKnownFileType = sourcecode.c.h; path = GraphicsDriver.h; sourceTree = "<group>"; };
		55CF1825220D681F009B9A2D /* GraphicsDriver.c */ = {isa = PBXFileReference; lastKnownFileType = sourcecode.c.c; path = GraphicsDriver.c; sourceTree = "<group>"; };
		55CF1827220D85D6009B9A2D /* SystemGlobals.h */ = {isa = PBXFileReference; lastKnownFileType = sourcecode.c.h; path = SystemGlobals.h; sourceTree = "<group>"; };
		55CF1828220E8457009B9A2D /* GraphicsDriver_asm.s */ = {isa = PBXFileReference; lastKnownFileType = sourcecode.asm; path = GraphicsDriver_asm.s; sourceTree = "<group>"; xcLanguageSpecificationIdentifier = xcode.lang.asm.arm; };
		55CF182A220FD0F2009B9A2D /* Console.h */ = {isa = PBXFileReference; lastKnownFileType = sourcecode.c.h; path = Console.h; sourceTree = "<group>"; };
		55CF182B220FD0F2009B9A2D /* Console.c */ = {isa = PBXFileReference; lastKnownFileType = sourcecode.c.c; path = Console.c; sourceTree = "<group>"; };
		55CF182D220FD38C009B9A2D /* iso_font8x8.c */ = {isa = PBXFileReference; lastKnownFileType = sourcecode.c.c; path = iso_font8x8.c; sourceTree = "<group>"; };
		55CF182F220FD4DE009B9A2D /* Foundation.c */ = {isa = PBXFileReference; lastKnownFileType = sourcecode.c.c; path = Foundation.c; sourceTree = "<group>"; };
		55CF18312210F444009B9A2D /* chipset.c */ = {isa = PBXFileReference; lastKnownFileType = sourcecode.c.c; path = chipset.c; sourceTree = "<group>"; };
		55CF18332210F4DC009B9A2D /* cpu.c */ = {isa = PBXFileReference; lastKnownFileType = sourcecode.c.c; path = cpu.c; sourceTree = "<group>"; };
		55CF18362210FBE5009B9A2D /* zorro2.c */ = {isa = PBXFileReference; lastKnownFileType = sourcecode.c.c; path = zorro2.c; sourceTree = "<group>"; };
		55CF18382210FEF6009B9A2D /* zorro3.c */ = {isa = PBXFileReference; lastKnownFileType = sourcecode.c.c; path = zorro3.c; sourceTree = "<group>"; };
		55CF183A22114D7D009B9A2D /* Semaphore.h */ = {isa = PBXFileReference; lastKnownFileType = sourcecode.c.h; path = Semaphore.h; sourceTree = "<group>"; };
		55CF183B22114D7D009B9A2D /* Semaphore.c */ = {isa = PBXFileReference; lastKnownFileType = sourcecode.c.c; path = Semaphore.c; sourceTree = "<group>"; };
		55CF183D22114EA2009B9A2D /* Semaphore_asm.s */ = {isa = PBXFileReference; lastKnownFileType = sourcecode.asm; path = Semaphore_asm.s; sourceTree = "<group>"; xcLanguageSpecificationIdentifier = xcode.lang.asm.arm; };
		55CF183F221296A0009B9A2D /* MonotonicClock.h */ = {isa = PBXFileReference; lastKnownFileType = sourcecode.c.h; path = MonotonicClock.h; sourceTree = "<group>"; };
		55CF1840221296A0009B9A2D /* MonotonicClock.c */ = {isa = PBXFileReference; lastKnownFileType = sourcecode.c.c; path = MonotonicClock.c; sourceTree = "<group>"; };
		55CF1842221298A8009B9A2D /* MonotonicClock_asm.s */ = {isa = PBXFileReference; lastKnownFileType = sourcecode.asm; path = MonotonicClock_asm.s; sourceTree = "<group>"; xcLanguageSpecificationIdentifier = xcode.lang.asm.arm; };
		55CF18442212A27E009B9A2D /* RealtimeClock.h */ = {isa = PBXFileReference; lastKnownFileType = sourcecode.c.h; path = RealtimeClock.h; sourceTree = "<group>"; };
		55CF18452212A27E009B9A2D /* RealtimeClock.c */ = {isa = PBXFileReference; lastKnownFileType = sourcecode.c.c; path = RealtimeClock.c; sourceTree = "<group>"; };
		55CF18492213E232009B9A2D /* FloppyDisk_asm.s */ = {isa = PBXFileReference; lastKnownFileType = sourcecode.asm; path = FloppyDisk_asm.s; sourceTree = "<group>"; xcLanguageSpecificationIdentifier = xcode.lang.asm.arm; };
		55CF184B2213E34A009B9A2D /* FloppyDisk.h */ = {isa = PBXFileReference; lastKnownFileType = sourcecode.c.h; path = FloppyDisk.h; sourceTree = "<group>"; };
		55CF184C2213E34A009B9A2D /* FloppyDisk.c */ = {isa = PBXFileReference; lastKnownFileType = sourcecode.c.c; path = FloppyDisk.c; sourceTree = "<group>"; };
		55CF1850221A61BD009B9A2D /* List.h */ = {isa = PBXFileReference; lastKnownFileType = sourcecode.c.h; path = List.h; sourceTree = "<group>"; };
		55CF1851221A61BD009B9A2D /* List.c */ = {isa = PBXFileReference; lastKnownFileType = sourcecode.c.c; path = List.c; sourceTree = "<group>"; };
		55CF1853221FBCE7009B9A2D /* VirtualProcessor.h */ = {isa = PBXFileReference; lastKnownFileType = sourcecode.c.h; path = VirtualProcessor.h; sourceTree = "<group>"; };
		55CF1854221FBCE7009B9A2D /* VirtualProcessor.c */ = {isa = PBXFileReference; lastKnownFileType = sourcecode.c.c; path = VirtualProcessor.c; sourceTree = "<group>"; };
		55CF185622223DC0009B9A2D /* VirtualProcessorScheduler.h */ = {isa = PBXFileReference; lastKnownFileType = sourcecode.c.h; path = VirtualProcessorScheduler.h; sourceTree = "<group>"; };
		55CF185722223DC0009B9A2D /* VirtualProcessorScheduler.c */ = {isa = PBXFileReference; lastKnownFileType = sourcecode.c.c; path = VirtualProcessorScheduler.c; sourceTree = "<group>"; };
		55CF1859222244CB009B9A2D /* VirtualProcessorScheduler_asm.s */ = {isa = PBXFileReference; lastKnownFileType = sourcecode.asm; path = VirtualProcessorScheduler_asm.s; sourceTree = "<group>"; xcLanguageSpecificationIdentifier = xcode.lang.asm.arm; };
		55CF185B222FA50B009B9A2D /* Geometry.h */ = {isa = PBXFileReference; lastKnownFileType = sourcecode.c.h; path = Geometry.h; sourceTree = "<group>"; };
		55CF185C222FA50B009B9A2D /* Geometry.c */ = {isa = PBXFileReference; lastKnownFileType = sourcecode.c.c; path = Geometry.c; sourceTree = "<group>"; };
		55CF186122362B74009B9A2D /* Bits.h */ = {isa = PBXFileReference; lastKnownFileType = sourcecode.c.h; path = Bits.h; sourceTree = "<group>"; };
		55CF186222362B74009B9A2D /* Bits.c */ = {isa = PBXFileReference; lastKnownFileType = sourcecode.c.c; path = Bits.c; sourceTree = "<group>"; };
		55CF1867223B6F1C009B9A2D /* Bytes.h */ = {isa = PBXFileReference; lastKnownFileType = sourcecode.c.h; path = Bytes.h; sourceTree = "<group>"; };
		55CF1868223B6F1C009B9A2D /* Bytes.c */ = {isa = PBXFileReference; lastKnownFileType = sourcecode.c.c; path = Bytes.c; sourceTree = "<group>"; };
		55CF186A223CAC20009B9A2D /* Atomic.h */ = {isa = PBXFileReference; lastKnownFileType = sourcecode.c.h; path = Atomic.h; sourceTree = "<group>"; };
		55CF186B223CAC58009B9A2D /* Atomic_asm.s */ = {isa = PBXFileReference; lastKnownFileType = sourcecode.asm; path = Atomic_asm.s; sourceTree = "<group>"; xcLanguageSpecificationIdentifier = xcode.lang.asm.arm; };
/* End PBXFileReference section */

/* Begin PBXFrameworksBuildPhase section */
		55CF17F022082BFA009B9A2D /* Frameworks */ = {
			isa = PBXFrameworksBuildPhase;
			buildActionMask = 2147483647;
			files = (
			);
			runOnlyForDeploymentPostprocessing = 0;
		};
/* End PBXFrameworksBuildPhase section */

/* Begin PBXGroup section */
		55CF17D7220828B2009B9A2D = {
			isa = PBXGroup;
			children = (
				55CF17E5220828E6009B9A2D /* finalizerom.py */,
				55CF17ED22082911009B9A2D /* run.sh */,
				55CF17E2220828BD009B9A2D /* Sources */,
				55CF17F422082BFA009B9A2D /* Products */,
			);
			sourceTree = "<group>";
		};
		55CF17E2220828BD009B9A2D /* Sources */ = {
			isa = PBXGroup;
			children = (
				55CF186A223CAC20009B9A2D /* Atomic.h */,
				55CF186B223CAC58009B9A2D /* Atomic_asm.s */,
				55C5A2ED226D223B00C6BD3F /* Array.h */,
				55C5A2EE226D223B00C6BD3F /* Array.c */,
				55CF186122362B74009B9A2D /* Bits.h */,
				55CF186222362B74009B9A2D /* Bits.c */,
				55CF1867223B6F1C009B9A2D /* Bytes.h */,
				55CF1868223B6F1C009B9A2D /* Bytes.c */,
				55CF18312210F444009B9A2D /* chipset.c */,
				55CF17E3220828DA009B9A2D /* chipset_asm.s */,
				55CF17E4220828E1009B9A2D /* chipset.i */,
				55CF18332210F4DC009B9A2D /* cpu.c */,
				55CF1808220910FF009B9A2D /* cpu_asm.s */,
				55C5A2E2225AC70400C6BD3F /* ConditionVariable.h */,
				55C5A2E3225AC70400C6BD3F /* ConditionVariable.c */,
				55CF182A220FD0F2009B9A2D /* Console.h */,
				55CF182B220FD0F2009B9A2D /* Console.c */,
				55CF182D220FD38C009B9A2D /* iso_font8x8.c */,
				55C5A2EA226D213300C6BD3F /* DispatchQueue.h */,
				55C5A2EB226D213300C6BD3F /* DispatchQueue.c */,
				55305B2922A235BD00E9F19F /* EventDriver.h */,
				55305B2A22A235BD00E9F19F /* EventDriver.c */,
				55CF184B2213E34A009B9A2D /* FloppyDisk.h */,
				55CF184C2213E34A009B9A2D /* FloppyDisk.c */,
				55CF18492213E232009B9A2D /* FloppyDisk_asm.s */,
				55CF17E6220828EB009B9A2D /* Foundation.h */,
				55CF182F220FD4DE009B9A2D /* Foundation.c */,
				55CF185B222FA50B009B9A2D /* Geometry.h */,
				55CF185C222FA50B009B9A2D /* Geometry.c */,
				55CF1824220D681F009B9A2D /* GraphicsDriver.h */,
				55CF1825220D681F009B9A2D /* GraphicsDriver.c */,
				55CF1828220E8457009B9A2D /* GraphicsDriver_asm.s */,
				55CF180F22092D87009B9A2D /* Heap.h */,
				55CF181022092D87009B9A2D /* Heap.c */,
				55CF17E8220828F4009B9A2D /* Int32_asm.s */,
				55CF17E7220828F4009B9A2D /* Int64_asm.s */,
				55CF17E9220828F4009B9A2D /* Int64.c */,
				55C87B33227F8BD20074168F /* InterruptController.h */,
				55C87B34227F8BD20074168F /* InterruptController.c */,
				55305B1C229A464A00E9F19F /* InputDriver.h */,
				55305B1D229A464A00E9F19F /* InputDriver.c */,
				55305B1F229B49AE00E9F19F /* InputDriver_asm.s */,
				55CF1850221A61BD009B9A2D /* List.h */,
				55CF1851221A61BD009B9A2D /* List.c */,
				55C5A2D7224C8AA800C6BD3F /* Lock.h */,
				55C5A2D8224C8AA800C6BD3F /* Lock.c */,
				55CF17EA220828FA009B9A2D /* lowmem.i */,
				55CF180B2209190F009B9A2D /* lowmem.s */,
				55CF17EB220828FE009B9A2D /* Makefile */,
				55CF183F221296A0009B9A2D /* MonotonicClock.h */,
				55CF1840221296A0009B9A2D /* MonotonicClock.c */,
				55CF1842221298A8009B9A2D /* MonotonicClock_asm.s */,
				5591AADB22D52E0E008F207D /* Pipe.h */,
				5591AADC22D52E0E008F207D /* Pipe.c */,
				55CF180A22091488009B9A2D /* Platform.h */,
				55CF18442212A27E009B9A2D /* RealtimeClock.h */,
				55CF18452212A27E009B9A2D /* RealtimeClock.c */,
				55305B2122A0F3DE00E9F19F /* RingBuffer.h */,
				55305B2222A0F4BC00E9F19F /* RingBuffer.c */,
				55CF180622090452009B9A2D /* reset.c */,
				55CF180D22091CC3009B9A2D /* startup.c */,
				55CF183A22114D7D009B9A2D /* Semaphore.h */,
				55CF183B22114D7D009B9A2D /* Semaphore.c */,
				55CF183D22114EA2009B9A2D /* Semaphore_asm.s */,
				55CF181F220C2481009B9A2D /* Surface.h */,
				55CF1820220C2481009B9A2D /* Surface.c */,
				55CF18032208F872009B9A2D /* SystemDescription.h */,
				55CF18042208F872009B9A2D /* SystemDescription.c */,
				55CF1827220D85D6009B9A2D /* SystemGlobals.h */,
				55305B2C22A3C38000E9F19F /* USBHIDKeys.h */,
				55CF1853221FBCE7009B9A2D /* VirtualProcessor.h */,
				55CF1854221FBCE7009B9A2D /* VirtualProcessor.c */,
				5526857322E430DE001E86C5 /* VirtualProcessor_asm.s */,
				5526856F22E25FEB001E86C5 /* VirtualProcessor_syscalls.c */,
				55C5A2E52263F9BE00C6BD3F /* VirtualProcessorPool.h */,
				55C5A2E62263F9BE00C6BD3F /* VirtualProcessorPool.c */,
				55CF185622223DC0009B9A2D /* VirtualProcessorScheduler.h */,
				55CF185722223DC0009B9A2D /* VirtualProcessorScheduler.c */,
				55CF1859222244CB009B9A2D /* VirtualProcessorScheduler_asm.s */,
				55C5A2E022571EC800C6BD3F /* syscalls.i */,
				55C5A2DE22571CFC00C6BD3F /* sysscalls_asm.s */,
				55CF17EE22082916009B9A2D /* traps.s */,
				55CF18362210FBE5009B9A2D /* zorro2.c */,
				55CF18382210FEF6009B9A2D /* zorro3.c */,
				55C87B31227D3E360074168F /* DispatchQueueTests.c */,
				55C5A2E82264579300C6BD3F /* VirtualProcessorTests.c */,
				5526857122E26FA7001E86C5 /* VirtualProcessorTests_asm.s */,
			);
			path = Sources;
			sourceTree = "<group>";
		};
		55CF17F422082BFA009B9A2D /* Products */ = {
			isa = PBXGroup;
			children = (
				55CF17F322082BFA009B9A2D /* Xcode */,
			);
			name = Products;
			sourceTree = "<group>";
		};
/* End PBXGroup section */

/* Begin PBXLegacyTarget section */
		55CF17DC220828B2009B9A2D /* Kernel */ = {
			isa = PBXLegacyTarget;
			buildArgumentsString = "-C Sources -j4 $(ACTION)";
			buildConfigurationList = 55CF17DF220828B2009B9A2D /* Build configuration list for PBXLegacyTarget "Kernel" */;
			buildPhases = (
			);
			buildToolPath = /usr/bin/make;
			buildWorkingDirectory = "";
			dependencies = (
			);
			name = Kernel;
			passBuildSettingsInEnvironment = 1;
			productName = Kernel;
		};
/* End PBXLegacyTarget section */

/* Begin PBXNativeTarget section */
		55CF17F222082BFA009B9A2D /* Xcode */ = {
			isa = PBXNativeTarget;
			buildConfigurationList = 55CF17F822082BFA009B9A2D /* Build configuration list for PBXNativeTarget "Xcode" */;
			buildPhases = (
				55CF17EF22082BFA009B9A2D /* Sources */,
				55CF17F022082BFA009B9A2D /* Frameworks */,
				55CF17F122082BFA009B9A2D /* CopyFiles */,
			);
			buildRules = (
			);
			dependencies = (
			);
			name = Xcode;
			productName = Xcode;
			productReference = 55CF17F322082BFA009B9A2D /* Xcode */;
			productType = "com.apple.product-type.tool";
		};
/* End PBXNativeTarget section */

/* Begin PBXProject section */
		55CF17D8220828B2009B9A2D /* Project object */ = {
			isa = PBXProject;
			attributes = {
				LastUpgradeCheck = 1010;
				ORGANIZATIONNAME = "Dietmar Planitzer";
				TargetAttributes = {
					55CF17DC220828B2009B9A2D = {
						CreatedOnToolsVersion = 10.1;
					};
					55CF17F222082BFA009B9A2D = {
						CreatedOnToolsVersion = 10.1;
					};
				};
			};
			buildConfigurationList = 55CF17DB220828B2009B9A2D /* Build configuration list for PBXProject "Kernel" */;
			compatibilityVersion = "Xcode 9.3";
			developmentRegion = en;
			hasScannedForEncodings = 0;
			knownRegions = (
				en,
			);
			mainGroup = 55CF17D7220828B2009B9A2D;
			productRefGroup = 55CF17F422082BFA009B9A2D /* Products */;
			projectDirPath = "";
			projectRoot = "";
			targets = (
				55CF17DC220828B2009B9A2D /* Kernel */,
				55CF17F222082BFA009B9A2D /* Xcode */,
			);
		};
/* End PBXProject section */

/* Begin PBXSourcesBuildPhase section */
		55CF17EF22082BFA009B9A2D /* Sources */ = {
			isa = PBXSourcesBuildPhase;
			buildActionMask = 2147483647;
			files = (
				55C5A2EC226D213300C6BD3F /* DispatchQueue.c in Sources */,
				55CF1843221298A8009B9A2D /* MonotonicClock_asm.s in Sources */,
				55C87B32227D3E360074168F /* DispatchQueueTests.c in Sources */,
				55C5A2E72263F9BE00C6BD3F /* VirtualProcessorPool.c in Sources */,
				55CF17FB22082C15009B9A2D /* chipset_asm.s in Sources */,
				55C87B35227F8BD20074168F /* InterruptController.c in Sources */,
				55CF1809220910FF009B9A2D /* cpu_asm.s in Sources */,
				55CF1821220C2481009B9A2D /* Surface.c in Sources */,
				55C5A2D9224C8AA800C6BD3F /* Lock.c in Sources */,
				55CF180C2209190F009B9A2D /* lowmem.s in Sources */,
				55CF17FC22082C17009B9A2D /* chipset.i in Sources */,
				55CF186322362B74009B9A2D /* Bits.c in Sources */,
				55CF17FD22082C1A009B9A2D /* Int32_asm.s in Sources */,
				55CF185A222244CB009B9A2D /* VirtualProcessorScheduler_asm.s in Sources */,
				5526857422E430DE001E86C5 /* VirtualProcessor_asm.s in Sources */,
				55CF1841221296A0009B9A2D /* MonotonicClock.c in Sources */,
				55CF18052208F872009B9A2D /* SystemDescription.c in Sources */,
				55305B1E229A464A00E9F19F /* InputDriver.c in Sources */,
				5526857222E26FA7001E86C5 /* VirtualProcessorTests_asm.s in Sources */,
				55C5A2EF226D223B00C6BD3F /* Array.c in Sources */,
				55C5A2E122571EC800C6BD3F /* syscalls.i in Sources */,
				55305B2322A0F4BC00E9F19F /* RingBuffer.c in Sources */,
				55CF18342210F4DC009B9A2D /* cpu.c in Sources */,
				55CF1830220FD4DE009B9A2D /* Foundation.c in Sources */,
				55CF17FE22082C1B009B9A2D /* Int64_asm.s in Sources */,
				55CF181122092D87009B9A2D /* Heap.c in Sources */,
				55CF1852221A61BD009B9A2D /* List.c in Sources */,
				55C5A2DF22571CFC00C6BD3F /* sysscalls_asm.s in Sources */,
				55CF17FF22082C1E009B9A2D /* Int64.c in Sources */,
				55CF18322210F444009B9A2D /* chipset.c in Sources */,
				55CF185D222FA50B009B9A2D /* Geometry.c in Sources */,
				55CF18392210FEF6009B9A2D /* zorro3.c in Sources */,
				55CF182E220FD38C009B9A2D /* iso_font8x8.c in Sources */,
				55CF183C22114D7D009B9A2D /* Semaphore.c in Sources */,
				55C5A2E4225AC70400C6BD3F /* ConditionVariable.c in Sources */,
				55CF18372210FBE5009B9A2D /* zorro2.c in Sources */,
				5526857022E25FEB001E86C5 /* VirtualProcessor_syscalls.c in Sources */,
				55CF185822223DC0009B9A2D /* VirtualProcessorScheduler.c in Sources */,
				55CF186C223CAC58009B9A2D /* Atomic_asm.s in Sources */,
				55CF180022082C20009B9A2D /* lowmem.i in Sources */,
				55CF184A2213E232009B9A2D /* FloppyDisk_asm.s in Sources */,
				55CF18462212A27E009B9A2D /* RealtimeClock.c in Sources */,
				55CF1855221FBCE7009B9A2D /* VirtualProcessor.c in Sources */,
				55CF183E22114EA2009B9A2D /* Semaphore_asm.s in Sources */,
				55C5A2E92264579300C6BD3F /* VirtualProcessorTests.c in Sources */,
				55CF1826220D681F009B9A2D /* GraphicsDriver.c in Sources */,
				55CF1829220E8457009B9A2D /* GraphicsDriver_asm.s in Sources */,
				55CF180222082C24009B9A2D /* traps.s in Sources */,
				55CF180722090452009B9A2D /* reset.c in Sources */,
				55CF180E22091CC3009B9A2D /* startup.c in Sources */,
				55305B20229B49AE00E9F19F /* InputDriver_asm.s in Sources */,
				5591AADD22D52E0E008F207D /* Pipe.c in Sources */,
				55305B2B22A235BD00E9F19F /* EventDriver.c in Sources */,
				55CF184D2213E34A009B9A2D /* FloppyDisk.c in Sources */,
				55CF182C220FD0F2009B9A2D /* Console.c in Sources */,
				55CF1869223B6F1C009B9A2D /* Bytes.c in Sources */,
			);
			runOnlyForDeploymentPostprocessing = 0;
		};
/* End PBXSourcesBuildPhase section */

/* Begin XCBuildConfiguration section */
		55CF17DD220828B2009B9A2D /* Debug */ = {
			isa = XCBuildConfiguration;
			buildSettings = {
				ALWAYS_SEARCH_USER_PATHS = NO;
				CLANG_ANALYZER_NONNULL = YES;
				CLANG_ANALYZER_NUMBER_OBJECT_CONVERSION = YES_AGGRESSIVE;
				CLANG_CXX_LANGUAGE_STANDARD = "gnu++14";
				CLANG_CXX_LIBRARY = "libc++";
				CLANG_ENABLE_MODULES = YES;
				CLANG_ENABLE_OBJC_ARC = YES;
				CLANG_ENABLE_OBJC_WEAK = YES;
				CLANG_WARN_BLOCK_CAPTURE_AUTORELEASING = YES;
				CLANG_WARN_BOOL_CONVERSION = YES;
				CLANG_WARN_COMMA = YES;
				CLANG_WARN_CONSTANT_CONVERSION = YES;
				CLANG_WARN_DEPRECATED_OBJC_IMPLEMENTATIONS = YES;
				CLANG_WARN_DIRECT_OBJC_ISA_USAGE = YES_ERROR;
				CLANG_WARN_DOCUMENTATION_COMMENTS = YES;
				CLANG_WARN_EMPTY_BODY = YES;
				CLANG_WARN_ENUM_CONVERSION = YES;
				CLANG_WARN_INFINITE_RECURSION = YES;
				CLANG_WARN_INT_CONVERSION = YES;
				CLANG_WARN_NON_LITERAL_NULL_CONVERSION = YES;
				CLANG_WARN_OBJC_IMPLICIT_RETAIN_SELF = YES;
				CLANG_WARN_OBJC_LITERAL_CONVERSION = YES;
				CLANG_WARN_OBJC_ROOT_CLASS = YES_ERROR;
				CLANG_WARN_RANGE_LOOP_ANALYSIS = YES;
				CLANG_WARN_STRICT_PROTOTYPES = YES;
				CLANG_WARN_SUSPICIOUS_MOVE = YES;
				CLANG_WARN_UNGUARDED_AVAILABILITY = YES_AGGRESSIVE;
				CLANG_WARN_UNREACHABLE_CODE = YES;
				CLANG_WARN__DUPLICATE_METHOD_MATCH = YES;
				COPY_PHASE_STRIP = NO;
				DEBUG_INFORMATION_FORMAT = dwarf;
				ENABLE_STRICT_OBJC_MSGSEND = YES;
				ENABLE_TESTABILITY = YES;
				GCC_C_LANGUAGE_STANDARD = gnu11;
				GCC_DYNAMIC_NO_PIC = NO;
				GCC_NO_COMMON_BLOCKS = YES;
				GCC_OPTIMIZATION_LEVEL = 0;
				GCC_PREPROCESSOR_DEFINITIONS = (
					"DEBUG=1",
					"$(inherited)",
				);
				GCC_WARN_64_TO_32_BIT_CONVERSION = YES;
				GCC_WARN_ABOUT_RETURN_TYPE = YES_ERROR;
				GCC_WARN_UNDECLARED_SELECTOR = YES;
				GCC_WARN_UNINITIALIZED_AUTOS = YES_AGGRESSIVE;
				GCC_WARN_UNUSED_FUNCTION = YES;
				GCC_WARN_UNUSED_VARIABLE = YES;
				MTL_ENABLE_DEBUG_INFO = INCLUDE_SOURCE;
				MTL_FAST_MATH = YES;
				ONLY_ACTIVE_ARCH = YES;
			};
			name = Debug;
		};
		55CF17DE220828B2009B9A2D /* Release */ = {
			isa = XCBuildConfiguration;
			buildSettings = {
				ALWAYS_SEARCH_USER_PATHS = NO;
				CLANG_ANALYZER_NONNULL = YES;
				CLANG_ANALYZER_NUMBER_OBJECT_CONVERSION = YES_AGGRESSIVE;
				CLANG_CXX_LANGUAGE_STANDARD = "gnu++14";
				CLANG_CXX_LIBRARY = "libc++";
				CLANG_ENABLE_MODULES = YES;
				CLANG_ENABLE_OBJC_ARC = YES;
				CLANG_ENABLE_OBJC_WEAK = YES;
				CLANG_WARN_BLOCK_CAPTURE_AUTORELEASING = YES;
				CLANG_WARN_BOOL_CONVERSION = YES;
				CLANG_WARN_COMMA = YES;
				CLANG_WARN_CONSTANT_CONVERSION = YES;
				CLANG_WARN_DEPRECATED_OBJC_IMPLEMENTATIONS = YES;
				CLANG_WARN_DIRECT_OBJC_ISA_USAGE = YES_ERROR;
				CLANG_WARN_DOCUMENTATION_COMMENTS = YES;
				CLANG_WARN_EMPTY_BODY = YES;
				CLANG_WARN_ENUM_CONVERSION = YES;
				CLANG_WARN_INFINITE_RECURSION = YES;
				CLANG_WARN_INT_CONVERSION = YES;
				CLANG_WARN_NON_LITERAL_NULL_CONVERSION = YES;
				CLANG_WARN_OBJC_IMPLICIT_RETAIN_SELF = YES;
				CLANG_WARN_OBJC_LITERAL_CONVERSION = YES;
				CLANG_WARN_OBJC_ROOT_CLASS = YES_ERROR;
				CLANG_WARN_RANGE_LOOP_ANALYSIS = YES;
				CLANG_WARN_STRICT_PROTOTYPES = YES;
				CLANG_WARN_SUSPICIOUS_MOVE = YES;
				CLANG_WARN_UNGUARDED_AVAILABILITY = YES_AGGRESSIVE;
				CLANG_WARN_UNREACHABLE_CODE = YES;
				CLANG_WARN__DUPLICATE_METHOD_MATCH = YES;
				COPY_PHASE_STRIP = NO;
				DEBUG_INFORMATION_FORMAT = "dwarf-with-dsym";
				ENABLE_NS_ASSERTIONS = NO;
				ENABLE_STRICT_OBJC_MSGSEND = YES;
				GCC_C_LANGUAGE_STANDARD = gnu11;
				GCC_NO_COMMON_BLOCKS = YES;
				GCC_WARN_64_TO_32_BIT_CONVERSION = YES;
				GCC_WARN_ABOUT_RETURN_TYPE = YES_ERROR;
				GCC_WARN_UNDECLARED_SELECTOR = YES;
				GCC_WARN_UNINITIALIZED_AUTOS = YES_AGGRESSIVE;
				GCC_WARN_UNUSED_FUNCTION = YES;
				GCC_WARN_UNUSED_VARIABLE = YES;
				MTL_ENABLE_DEBUG_INFO = NO;
				MTL_FAST_MATH = YES;
			};
			name = Release;
		};
		55CF17E0220828B2009B9A2D /* Debug */ = {
			isa = XCBuildConfiguration;
			buildSettings = {
				ARCHS_STANDARD = x86_64;
				CODE_SIGN_STYLE = Automatic;
				DEBUGGING_SYMBOLS = YES;
				DEBUG_INFORMATION_FORMAT = dwarf;
				GCC_GENERATE_DEBUGGING_SYMBOLS = YES;
				GCC_OPTIMIZATION_LEVEL = 0;
				OTHER_CFLAGS = "";
				OTHER_LDFLAGS = "";
				PRODUCT_NAME = "$(TARGET_NAME)";
			};
			name = Debug;
		};
		55CF17E1220828B2009B9A2D /* Release */ = {
			isa = XCBuildConfiguration;
			buildSettings = {
				ARCHS_STANDARD = x86_64;
				CODE_SIGN_STYLE = Automatic;
				DEBUG_INFORMATION_FORMAT = "dwarf-with-dsym";
				OTHER_CFLAGS = "";
				OTHER_LDFLAGS = "";
				PRODUCT_NAME = "$(TARGET_NAME)";
			};
			name = Release;
		};
		55CF17F922082BFA009B9A2D /* Debug */ = {
			isa = XCBuildConfiguration;
			buildSettings = {
				CODE_SIGN_IDENTITY = "-";
				CODE_SIGN_STYLE = Automatic;
				MACOSX_DEPLOYMENT_TARGET = 10.13;
				ONLY_ACTIVE_ARCH = YES;
				PRODUCT_NAME = "$(TARGET_NAME)";
				SDKROOT = macosx;
			};
			name = Debug;
		};
		55CF17FA22082BFA009B9A2D /* Release */ = {
			isa = XCBuildConfiguration;
			buildSettings = {
				CODE_SIGN_IDENTITY = "-";
				CODE_SIGN_STYLE = Automatic;
				MACOSX_DEPLOYMENT_TARGET = 10.13;
				ONLY_ACTIVE_ARCH = YES;
				PRODUCT_NAME = "$(TARGET_NAME)";
				SDKROOT = macosx;
			};
			name = Release;
		};
/* End XCBuildConfiguration section */

/* Begin XCConfigurationList section */
		55CF17DB220828B2009B9A2D /* Build configuration list for PBXProject "Kernel" */ = {
			isa = XCConfigurationList;
			buildConfigurations = (
				55CF17DD220828B2009B9A2D /* Debug */,
				55CF17DE220828B2009B9A2D /* Release */,
			);
			defaultConfigurationIsVisible = 0;
			defaultConfigurationName = Release;
		};
		55CF17DF220828B2009B9A2D /* Build configuration list for PBXLegacyTarget "Kernel" */ = {
			isa = XCConfigurationList;
			buildConfigurations = (
				55CF17E0220828B2009B9A2D /* Debug */,
				55CF17E1220828B2009B9A2D /* Release */,
			);
			defaultConfigurationIsVisible = 0;
			defaultConfigurationName = Release;
		};
		55CF17F822082BFA009B9A2D /* Build configuration list for PBXNativeTarget "Xcode" */ = {
			isa = XCConfigurationList;
			buildConfigurations = (
				55CF17F922082BFA009B9A2D /* Debug */,
				55CF17FA22082BFA009B9A2D /* Release */,
			);
			defaultConfigurationIsVisible = 0;
			defaultConfigurationName = Release;
		};
/* End XCConfigurationList section */
	};
	rootObject = 55CF17D8220828B2009B9A2D /* Project object */;
}
